# THIS IS AN AUTOGENERATED FILE. DO NOT EDIT THIS FILE DIRECTLY.
# yarn lockfile v1


"@1password/sdk-core@0.2.1":
  version "0.2.1"
  resolved "https://registry.npmjs.org/@1password/sdk-core/-/sdk-core-0.2.1.tgz"
  integrity sha512-MwikOFnm6MxzK4lXJmpH7MwCbc8Tg+d1Iq8x5re1u+y+yIUjZ8eZcbvs+iQr0w44ihSLhMWQwbCpuFUGcwya+A==

"@1password/sdk@^0.2.1":
  version "0.2.1"
  resolved "https://registry.npmjs.org/@1password/sdk/-/sdk-0.2.1.tgz"
  integrity sha512-2gCa+Sac0UXpPoP93rj9u38E9WE6Vi8n1e6nn5FovkjvpoZ6KPWcfT4eczDIozUXEm7tDl/oFuE3rsRpHZ+lrA==
  dependencies:
    "@1password/sdk-core" "0.2.1"
